
Microsoft Visual Studio Solution File, Format Version 12.00
# Visual Studio Version 16
VisualStudioVersion = 16.0.29306.81
MinimumVisualStudioVersion = 10.0.40219.1
Project("{FAE04EC0-301F-11D3-BF4B-00C04F79EFBC}") = "DnD", "DnD\DnD.csproj", "{B1386528-58D9-44C3-986B-7469046BAB89}"
EndProject
Global
	GlobalSection(SolutionConfigurationPlatforms) = preSolution
		Debug|Any CPU = Debug|Any CPU
		Debug|x86 = Debug|x86
		Release|Any CPU = Release|Any CPU
		Release|x86 = Release|x86
	EndGlobalSection
	GlobalSection(ProjectConfigurationPlatforms) = postSolution
		{B1386528-58D9-44C3-986B-7469046BAB89}.Debug|Any CPU.ActiveCfg = Debug|Any CPU
		{B1386528-58D9-44C3-986B-7469046BAB89}.Debug|Any CPU.Build.0 = Debug|Any CPU
		{B1386528-58D9-44C3-986B-7469046BAB89}.Debug|x86.ActiveCfg = Debug|x86
		{B1386528-58D9-44C3-986B-7469046BAB89}.Debug|x86.Build.0 = Debug|x86
		{B1386528-58D9-44C3-986B-7469046BAB89}.Release|Any CPU.ActiveCfg = Release|Any CPU
		{B1386528-58D9-44C3-986B-7469046BAB89}.Release|Any CPU.Build.0 = Release|Any CPU
		{B1386528-58D9-44C3-986B-7469046BAB89}.Release|x86.ActiveCfg = Release|x86
		{B1386528-58D9-44C3-986B-7469046BAB89}.Release|x86.Build.0 = Release|x86
	EndGlobalSection
	GlobalSection(SolutionProperties) = preSolution
		HideSolutionNode = FALSE
	EndGlobalSection
	GlobalSection(ExtensibilityGlobals) = postSolution
		SolutionGuid = {53CAE539-F4B2-4DD5-931F-8A96213BA249}
	EndGlobalSection
EndGlobal
